{
  "name": "nomad",
  "version": "0.1.0",
  "lockfileVersion": 3,
  "requires": true,
  "packages": {
    "": {
      "name": "nomad",
      "version": "0.1.0",
      "workspaces": [
        "apps/*",
        "packages/*"
      ]
    },
    "apps/mobile": {
      "name": "@nomad/mobile",
      "version": "0.1.0"
    },
    "node_modules/@nomad/mobile": {
      "resolved": "apps/mobile",
      "link": true
    }
  }
}
